
Microsoft Visual Studio Solution File, Format Version 12.00
# Visual Studio Version 17
VisualStudioVersion = 17.8.34511.84
MinimumVisualStudioVersion = 10.0.40219.1
Project("{FAE04EC0-301F-11D3-BF4B-00C04F79EFBC}") = "Rustelecom", "Rustelecom\Rustelecom.csproj", "{D8DE074E-0750-4CD2-A6A8-839265569D2C}"
EndProject
Global
	GlobalSection(SolutionConfigurationPlatforms) = preSolution
		Debug|Any CPU = Debug|Any CPU
		Release|Any CPU = Release|Any CPU
	EndGlobalSection
	GlobalSection(ProjectConfigurationPlatforms) = postSolution
		{D8DE074E-0750-4CD2-A6A8-839265569D2C}.Debug|Any CPU.ActiveCfg = Debug|Any CPU
		{D8DE074E-0750-4CD2-A6A8-839265569D2C}.Debug|Any CPU.Build.0 = Debug|Any CPU
		{D8DE074E-0750-4CD2-A6A8-839265569D2C}.Release|Any CPU.ActiveCfg = Release|Any CPU
		{D8DE074E-0750-4CD2-A6A8-839265569D2C}.Release|Any CPU.Build.0 = Release|Any CPU
	EndGlobalSection
	GlobalSection(SolutionProperties) = preSolution
		HideSolutionNode = FALSE
	EndGlobalSection
	GlobalSection(ExtensibilityGlobals) = postSolution
		SolutionGuid = {E21C845A-7DF5-4200-BADB-2FE9D462E946}
	EndGlobalSection
EndGlobal
